
Microsoft Visual Studio Solution File, Format Version 12.00
# Visual Studio 15
VisualStudioVersion = 15.0.28307.329
MinimumVisualStudioVersion = 10.0.40219.1
Project("{FAE04EC0-301F-11D3-BF4B-00C04F79EFBC}") = "DotNetMomma_MVC", "DotNetMomma_MVC\DotNetMomma_MVC.csproj", "{A229BFF9-E40E-4153-8211-60BA7A2DB4CD}"
EndProject
Project("{FAE04EC0-301F-11D3-BF4B-00C04F79EFBC}") = "DotNetMommaAdmin", "DotNetMommaAdmin\DotNetMommaAdmin.csproj", "{42148184-642D-475B-9108-FA3FF57C1842}"
EndProject
Project("{FAE04EC0-301F-11D3-BF4B-00C04F79EFBC}") = "DotNetMommaShared", "DotNetMommaShared\DotNetMommaShared.csproj", "{612C99EC-7647-4BFB-A5A6-AD2A82D9659E}"
EndProject
Project("{FAE04EC0-301F-11D3-BF4B-00C04F79EFBC}") = "DotNetMomma_Site", "DotNetMomma_Site\DotNetMomma_Site.csproj", "{2375F0A9-AAF5-4F7A-9B28-AD64E3C30DF5}"
EndProject
Global
	GlobalSection(SolutionConfigurationPlatforms) = preSolution
		Debug|Any CPU = Debug|Any CPU
		Release|Any CPU = Release|Any CPU
	EndGlobalSection
	GlobalSection(ProjectConfigurationPlatforms) = postSolution
		{A229BFF9-E40E-4153-8211-60BA7A2DB4CD}.Debug|Any CPU.ActiveCfg = Debug|Any CPU
		{A229BFF9-E40E-4153-8211-60BA7A2DB4CD}.Debug|Any CPU.Build.0 = Debug|Any CPU
		{A229BFF9-E40E-4153-8211-60BA7A2DB4CD}.Release|Any CPU.ActiveCfg = Release|Any CPU
		{A229BFF9-E40E-4153-8211-60BA7A2DB4CD}.Release|Any CPU.Build.0 = Release|Any CPU
		{42148184-642D-475B-9108-FA3FF57C1842}.Debug|Any CPU.ActiveCfg = Debug|Any CPU
		{42148184-642D-475B-9108-FA3FF57C1842}.Debug|Any CPU.Build.0 = Debug|Any CPU
		{42148184-642D-475B-9108-FA3FF57C1842}.Release|Any CPU.ActiveCfg = Release|Any CPU
		{42148184-642D-475B-9108-FA3FF57C1842}.Release|Any CPU.Build.0 = Release|Any CPU
		{612C99EC-7647-4BFB-A5A6-AD2A82D9659E}.Debug|Any CPU.ActiveCfg = Debug|Any CPU
		{612C99EC-7647-4BFB-A5A6-AD2A82D9659E}.Debug|Any CPU.Build.0 = Debug|Any CPU
		{612C99EC-7647-4BFB-A5A6-AD2A82D9659E}.Release|Any CPU.ActiveCfg = Release|Any CPU
		{612C99EC-7647-4BFB-A5A6-AD2A82D9659E}.Release|Any CPU.Build.0 = Release|Any CPU
		{2375F0A9-AAF5-4F7A-9B28-AD64E3C30DF5}.Debug|Any CPU.ActiveCfg = Debug|Any CPU
		{2375F0A9-AAF5-4F7A-9B28-AD64E3C30DF5}.Debug|Any CPU.Build.0 = Debug|Any CPU
		{2375F0A9-AAF5-4F7A-9B28-AD64E3C30DF5}.Release|Any CPU.ActiveCfg = Release|Any CPU
		{2375F0A9-AAF5-4F7A-9B28-AD64E3C30DF5}.Release|Any CPU.Build.0 = Release|Any CPU
	EndGlobalSection
	GlobalSection(SolutionProperties) = preSolution
		HideSolutionNode = FALSE
	EndGlobalSection
	GlobalSection(ExtensibilityGlobals) = postSolution
		SolutionGuid = {546B0B44-34B3-4BF3-BA3B-3D323C40AB95}
	EndGlobalSection
EndGlobal
